
Microsoft Visual Studio Solution File, Format Version 12.00
# Visual Studio Version 17
VisualStudioVersion = 17.5.002.0
MinimumVisualStudioVersion = 10.0.40219.1
Project("{9A19103F-16F7-4668-BE54-9A1E7A4F7556}") = "DesafioPOO", "DesafioPOO.csproj", "{734E126D-D699-40A5-8A5D-B0DB54950EBF}"
EndProject
Global
	GlobalSection(SolutionConfigurationPlatforms) = preSolution
		Debug|Any CPU = Debug|Any CPU
		Release|Any CPU = Release|Any CPU
	EndGlobalSection
	GlobalSection(ProjectConfigurationPlatforms) = postSolution
		{734E126D-D699-40A5-8A5D-B0DB54950EBF}.Debug|Any CPU.ActiveCfg = Debug|Any CPU
		{734E126D-D699-40A5-8A5D-B0DB54950EBF}.Debug|Any CPU.Build.0 = Debug|Any CPU
		{734E126D-D699-40A5-8A5D-B0DB54950EBF}.Release|Any CPU.ActiveCfg = Release|Any CPU
		{734E126D-D699-40A5-8A5D-B0DB54950EBF}.Release|Any CPU.Build.0 = Release|Any CPU
	EndGlobalSection
	GlobalSection(SolutionProperties) = preSolution
		HideSolutionNode = FALSE
	EndGlobalSection
	GlobalSection(ExtensibilityGlobals) = postSolution
		SolutionGuid = {EE472BC4-BEC5-4B1E-997C-2D1794FA11EF}
	EndGlobalSection
EndGlobal
